
Microsoft Visual Studio Solution File, Format Version 12.00
# Visual Studio Version 17
VisualStudioVersion = 17.6.33815.320
MinimumVisualStudioVersion = 10.0.40219.1
Project("{FAE04EC0-301F-11D3-BF4B-00C04F79EFBC}") = "WebAPIExample", "WebAPIExample.csproj", "{B889209C-EDB9-4FA3-871D-96E63FDC1059}"
EndProject
Global
	GlobalSection(SolutionConfigurationPlatforms) = preSolution
		Debug|Any CPU = Debug|Any CPU
		Release|Any CPU = Release|Any CPU
	EndGlobalSection
	GlobalSection(ProjectConfigurationPlatforms) = postSolution
		{B889209C-EDB9-4FA3-871D-96E63FDC1059}.Debug|Any CPU.ActiveCfg = Debug|Any CPU
		{B889209C-EDB9-4FA3-871D-96E63FDC1059}.Debug|Any CPU.Build.0 = Debug|Any CPU
		{B889209C-EDB9-4FA3-871D-96E63FDC1059}.Release|Any CPU.ActiveCfg = Release|Any CPU
		{B889209C-EDB9-4FA3-871D-96E63FDC1059}.Release|Any CPU.Build.0 = Release|Any CPU
	EndGlobalSection
	GlobalSection(SolutionProperties) = preSolution
		HideSolutionNode = FALSE
	EndGlobalSection
	GlobalSection(ExtensibilityGlobals) = postSolution
		SolutionGuid = {CF9C2FB7-D58C-485E-B55B-D2E6DCFFAC49}
	EndGlobalSection
EndGlobal
